{
  "requires": true,
  "lockfileVersion": 1,
  "dependencies": {
    "ag-grid-community": {
      "version": "21.2.2",
      "resolved": "https://registry.npmjs.org/ag-grid-community/-/ag-grid-community-21.2.2.tgz",
      "integrity": "sha512-x8kQmynYM/7zoigs7wIe7DkK1TIlUP5N1TYrGPsK8vO2gN+rqOok9csGPy4YamggWTcSxpy7wji/Kcz/gUp8/w=="
    }
  }
}
